
Microsoft Visual Studio Solution File, Format Version 10.00
# Visual Studio 2008
Project("{FAE04EC0-301F-11D3-BF4B-00C04F79EFBC}") = "Silverlight_game", "Silverlight_game\Silverlight_game.csproj", "{36E9E54C-B76A-432B-8DE4-A7062C9DDA3C}"
EndProject
Project("{FAE04EC0-301F-11D3-BF4B-00C04F79EFBC}") = "Silverlight_game.Web", "Silverlight_game.Web\Silverlight_game.Web.csproj", "{75B83DDB-558A-40E2-893E-0F6604AB0527}"
EndProject
Global
	GlobalSection(SolutionConfigurationPlatforms) = preSolution
		Debug|Any CPU = Debug|Any CPU
		Release|Any CPU = Release|Any CPU
	EndGlobalSection
	GlobalSection(ProjectConfigurationPlatforms) = postSolution
		{36E9E54C-B76A-432B-8DE4-A7062C9DDA3C}.Debug|Any CPU.ActiveCfg = Debug|Any CPU
		{36E9E54C-B76A-432B-8DE4-A7062C9DDA3C}.Debug|Any CPU.Build.0 = Debug|Any CPU
		{36E9E54C-B76A-432B-8DE4-A7062C9DDA3C}.Release|Any CPU.ActiveCfg = Release|Any CPU
		{36E9E54C-B76A-432B-8DE4-A7062C9DDA3C}.Release|Any CPU.Build.0 = Release|Any CPU
		{75B83DDB-558A-40E2-893E-0F6604AB0527}.Debug|Any CPU.ActiveCfg = Debug|Any CPU
		{75B83DDB-558A-40E2-893E-0F6604AB0527}.Debug|Any CPU.Build.0 = Debug|Any CPU
		{75B83DDB-558A-40E2-893E-0F6604AB0527}.Release|Any CPU.ActiveCfg = Release|Any CPU
		{75B83DDB-558A-40E2-893E-0F6604AB0527}.Release|Any CPU.Build.0 = Release|Any CPU
	EndGlobalSection
	GlobalSection(SolutionProperties) = preSolution
		HideSolutionNode = FALSE
	EndGlobalSection
EndGlobal
